// !$*UTF8*$!
{
	archiveVersion = 1;
	classes = {
	};
	objectVersion = 55;
	objects = {

/* Begin PBXBuildFile section */
		34338FEC26FE7A2D00695558 /* ContactosCoreDataSUIApp.swift in Sources */ = {isa = PBXBuildFile; fileRef = 34338FEB26FE7A2D00695558 /* ContactosCoreDataSUIApp.swift */; };
		34338FEE26FE7A2D00695558 /* ContentView.swift in Sources */ = {isa = PBXBuildFile; fileRef = 34338FED26FE7A2D00695558 /* ContentView.swift */; };
		34338FF026FE7A2F00695558 /* Assets.xcassets in Resources */ = {isa = PBXBuildFile; fileRef = 34338FEF26FE7A2F00695558 /* Assets.xcassets */; };
		34338FF326FE7A2F00695558 /* Preview Assets.xcassets in Resources */ = {isa = PBXBuildFile; fileRef = 34338FF226FE7A2F00695558 /* Preview Assets.xcassets */; };
		34338FF526FE7A2F00695558 /* Persistence.swift in Sources */ = {isa = PBXBuildFile; fileRef = 34338FF426FE7A2F00695558 /* Persistence.swift */; };
		34338FF826FE7A2F00695558 /* ContactosCoreDataSUI.xcdatamodeld in Sources */ = {isa = PBXBuildFile; fileRef = 34338FF626FE7A2F00695558 /* ContactosCoreDataSUI.xcdatamodeld */; };
		3433900026FE7B6C00695558 /* Contactos.swift in Sources */ = {isa = PBXBuildFile; fileRef = 34338FFF26FE7B6C00695558 /* Contactos.swift */; };
		3433900326FE7BFD00695558 /* AgregarContactoView.swift in Sources */ = {isa = PBXBuildFile; fileRef = 3433900226FE7BFD00695558 /* AgregarContactoView.swift */; };
		3433900526FEA36800695558 /* CeldaView.swift in Sources */ = {isa = PBXBuildFile; fileRef = 3433900426FEA36800695558 /* CeldaView.swift */; };
		3433900726FEAA3200695558 /* DetalleView.swift in Sources */ = {isa = PBXBuildFile; fileRef = 3433900626FEAA3200695558 /* DetalleView.swift */; };
		349692C1270181BC00403E86 /* EditarView.swift in Sources */ = {isa = PBXBuildFile; fileRef = 349692C0270181BC00403E86 /* EditarView.swift */; };
/* End PBXBuildFile section */

/* Begin PBXFileReference section */
		34338FE826FE7A2D00695558 /* ContactosCoreDataSUI.app */ = {isa = PBXFileReference; explicitFileType = wrapper.application; includeInIndex = 0; path = ContactosCoreDataSUI.app; sourceTree = BUILT_PRODUCTS_DIR; };
		34338FEB26FE7A2D00695558 /* ContactosCoreDataSUIApp.swift */ = {isa = PBXFileReference; lastKnownFileType = sourcecode.swift; path = ContactosCoreDataSUIApp.swift; sourceTree = "<group>"; };
		34338FED26FE7A2D00695558 /* ContentView.swift */ = {isa = PBXFileReference; lastKnownFileType = sourcecode.swift; path = ContentView.swift; sourceTree = "<group>"; };
		34338FEF26FE7A2F00695558 /* Assets.xcassets */ = {isa = PBXFileReference; lastKnownFileType = folder.assetcatalog; path = Assets.xcassets; sourceTree = "<group>"; };
		34338FF226FE7A2F00695558 /* Preview Assets.xcassets */ = {isa = PBXFileReference; lastKnownFileType = folder.assetcatalog; path = "Preview Assets.xcassets"; sourceTree = "<group>"; };
		34338FF426FE7A2F00695558 /* Persistence.swift */ = {isa = PBXFileReference; lastKnownFileType = sourcecode.swift; path = Persistence.swift; sourceTree = "<group>"; };
		34338FF726FE7A2F00695558 /* ContactosCoreDataSUI.xcdatamodel */ = {isa = PBXFileReference; lastKnownFileType = wrapper.xcdatamodel; path = ContactosCoreDataSUI.xcdatamodel; sourceTree = "<group>"; };
		34338FFF26FE7B6C00695558 /* Contactos.swift */ = {isa = PBXFileReference; lastKnownFileType = sourcecode.swift; path = Contactos.swift; sourceTree = "<group>"; };
		3433900226FE7BFD00695558 /* AgregarContactoView.swift */ = {isa = PBXFileReference; lastKnownFileType = sourcecode.swift; path = AgregarContactoView.swift; sourceTree = "<group>"; };
		3433900426FEA36800695558 /* CeldaView.swift */ = {isa = PBXFileReference; lastKnownFileType = sourcecode.swift; path = CeldaView.swift; sourceTree = "<group>"; };
		3433900626FEAA3200695558 /* DetalleView.swift */ = {isa = PBXFileReference; lastKnownFileType = sourcecode.swift; path = DetalleView.swift; sourceTree = "<group>"; };
		349692C0270181BC00403E86 /* EditarView.swift */ = {isa = PBXFileReference; lastKnownFileType = sourcecode.swift; path = EditarView.swift; sourceTree = "<group>"; };
/* End PBXFileReference section */

/* Begin PBXFrameworksBuildPhase section */
		34338FE526FE7A2D00695558 /* Frameworks */ = {
			isa = PBXFrameworksBuildPhase;
			buildActionMask = 2147483647;
			files = (
			);
			runOnlyForDeploymentPostprocessing = 0;
		};
/* End PBXFrameworksBuildPhase section */

/* Begin PBXGroup section */
		34338FDF26FE7A2D00695558 = {
			isa = PBXGroup;
			children = (
				34338FEA26FE7A2D00695558 /* ContactosCoreDataSUI */,
				34338FE926FE7A2D00695558 /* Products */,
			);
			sourceTree = "<group>";
		};
		34338FE926FE7A2D00695558 /* Products */ = {
			isa = PBXGroup;
			children = (
				34338FE826FE7A2D00695558 /* ContactosCoreDataSUI.app */,
			);
			name = Products;
			sourceTree = "<group>";
		};
		34338FEA26FE7A2D00695558 /* ContactosCoreDataSUI */ = {
			isa = PBXGroup;
			children = (
				3433900126FE7BD800695558 /* Views */,
				34338FFE26FE7B5D00695558 /* Modelos */,
				34338FEB26FE7A2D00695558 /* ContactosCoreDataSUIApp.swift */,
				34338FED26FE7A2D00695558 /* ContentView.swift */,
				34338FEF26FE7A2F00695558 /* Assets.xcassets */,
				34338FF426FE7A2F00695558 /* Persistence.swift */,
				34338FF626FE7A2F00695558 /* ContactosCoreDataSUI.xcdatamodeld */,
				34338FF126FE7A2F00695558 /* Preview Content */,
			);
			path = ContactosCoreDataSUI;
			sourceTree = "<group>";
		};
		34338FF126FE7A2F00695558 /* Preview Content */ = {
			isa = PBXGroup;
			children = (
				34338FF226FE7A2F00695558 /* Preview Assets.xcassets */,
			);
			path = "Preview Content";
			sourceTree = "<group>";
		};
		34338FFE26FE7B5D00695558 /* Modelos */ = {
			isa = PBXGroup;
			children = (
				34338FFF26FE7B6C00695558 /* Contactos.swift */,
			);
			path = Modelos;
			sourceTree = "<group>";
		};
		3433900126FE7BD800695558 /* Views */ = {
			isa = PBXGroup;
			children = (
				3433900226FE7BFD00695558 /* AgregarContactoView.swift */,
				3433900426FEA36800695558 /* CeldaView.swift */,
				3433900626FEAA3200695558 /* DetalleView.swift */,
				349692C0270181BC00403E86 /* EditarView.swift */,
			);
			path = Views;
			sourceTree = "<group>";
		};
/* End PBXGroup section */

/* Begin PBXNativeTarget section */
		34338FE726FE7A2D00695558 /* ContactosCoreDataSUI */ = {
			isa = PBXNativeTarget;
			buildConfigurationList = 34338FFB26FE7A2F00695558 /* Build configuration list for PBXNativeTarget "ContactosCoreDataSUI" */;
			buildPhases = (
				34338FE426FE7A2D00695558 /* Sources */,
				34338FE526FE7A2D00695558 /* Frameworks */,
				34338FE626FE7A2D00695558 /* Resources */,
			);
			buildRules = (
			);
			dependencies = (
			);
			name = ContactosCoreDataSUI;
			productName = ContactosCoreDataSUI;
			productReference = 34338FE826FE7A2D00695558 /* ContactosCoreDataSUI.app */;
			productType = "com.apple.product-type.application";
		};
/* End PBXNativeTarget section */

/* Begin PBXProject section */
		34338FE026FE7A2D00695558 /* Project object */ = {
			isa = PBXProject;
			attributes = {
				BuildIndependentTargetsInParallel = 1;
				LastSwiftUpdateCheck = 1300;
				LastUpgradeCheck = 1300;
				TargetAttributes = {
					34338FE726FE7A2D00695558 = {
						CreatedOnToolsVersion = 13.0;
					};
				};
			};
			buildConfigurationList = 34338FE326FE7A2D00695558 /* Build configuration list for PBXProject "ContactosCoreDataSUI" */;
			compatibilityVersion = "Xcode 13.0";
			developmentRegion = en;
			hasScannedForEncodings = 0;
			knownRegions = (
				en,
				Base,
			);
			mainGroup = 34338FDF26FE7A2D00695558;
			productRefGroup = 34338FE926FE7A2D00695558 /* Products */;
			projectDirPath = "";
			projectRoot = "";
			targets = (
				34338FE726FE7A2D00695558 /* ContactosCoreDataSUI */,
			);
		};
/* End PBXProject section */

/* Begin PBXResourcesBuildPhase section */
		34338FE626FE7A2D00695558 /* Resources */ = {
			isa = PBXResourcesBuildPhase;
			buildActionMask = 2147483647;
			files = (
				34338FF326FE7A2F00695558 /* Preview Assets.xcassets in Resources */,
				34338FF026FE7A2F00695558 /* Assets.xcassets in Resources */,
			);
			runOnlyForDeploymentPostprocessing = 0;
		};
/* End PBXResourcesBuildPhase section */

/* Begin PBXSourcesBuildPhase section */
		34338FE426FE7A2D00695558 /* Sources */ = {
			isa = PBXSourcesBuildPhase;
			buildActionMask = 2147483647;
			files = (
				34338FF526FE7A2F00695558 /* Persistence.swift in Sources */,
				34338FF826FE7A2F00695558 /* ContactosCoreDataSUI.xcdatamodeld in Sources */,
				3433900726FEAA3200695558 /* DetalleView.swift in Sources */,
				3433900026FE7B6C00695558 /* Contactos.swift in Sources */,
				34338FEE26FE7A2D00695558 /* ContentView.swift in Sources */,
				3433900526FEA36800695558 /* CeldaView.swift in Sources */,
				34338FEC26FE7A2D00695558 /* ContactosCoreDataSUIApp.swift in Sources */,
				3433900326FE7BFD00695558 /* AgregarContactoView.swift in Sources */,
				349692C1270181BC00403E86 /* EditarView.swift in Sources */,
			);
			runOnlyForDeploymentPostprocessing = 0;
		};
/* End PBXSourcesBuildPhase section */

/* Begin XCBuildConfiguration section */
		34338FF926FE7A2F00695558 /* Debug */ = {
			isa = XCBuildConfiguration;
			buildSettings = {
				ALWAYS_SEARCH_USER_PATHS = NO;
				CLANG_ANALYZER_NONNULL = YES;
				CLANG_ANALYZER_NUMBER_OBJECT_CONVERSION = YES_AGGRESSIVE;
				CLANG_CXX_LANGUAGE_STANDARD = "gnu++17";
				CLANG_CXX_LIBRARY = "libc++";
				CLANG_ENABLE_MODULES = YES;
				CLANG_ENABLE_OBJC_ARC = YES;
				CLANG_ENABLE_OBJC_WEAK = YES;
				CLANG_WARN_BLOCK_CAPTURE_AUTORELEASING = YES;
				CLANG_WARN_BOOL_CONVERSION = YES;
				CLANG_WARN_COMMA = YES;
				CLANG_WARN_CONSTANT_CONVERSION = YES;
				CLANG_WARN_DEPRECATED_OBJC_IMPLEMENTATIONS = YES;
				CLANG_WARN_DIRECT_OBJC_ISA_USAGE = YES_ERROR;
				CLANG_WARN_DOCUMENTATION_COMMENTS = YES;
				CLANG_WARN_EMPTY_BODY = YES;
				CLANG_WARN_ENUM_CONVERSION = YES;
				CLANG_WARN_INFINITE_RECURSION = YES;
				CLANG_WARN_INT_CONVERSION = YES;
				CLANG_WARN_NON_LITERAL_NULL_CONVERSION = YES;
				CLANG_WARN_OBJC_IMPLICIT_RETAIN_SELF = YES;
				CLANG_WARN_OBJC_LITERAL_CONVERSION = YES;
				CLANG_WARN_OBJC_ROOT_CLASS = YES_ERROR;
				CLANG_WARN_QUOTED_INCLUDE_IN_FRAMEWORK_HEADER = YES;
				CLANG_WARN_RANGE_LOOP_ANALYSIS = YES;
				CLANG_WARN_STRICT_PROTOTYPES = YES;
				CLANG_WARN_SUSPICIOUS_MOVE = YES;
				CLANG_WARN_UNGUARDED_AVAILABILITY = YES_AGGRESSIVE;
				CLANG_WARN_UNREACHABLE_CODE = YES;
				CLANG_WARN__DUPLICATE_METHOD_MATCH = YES;
				COPY_PHASE_STRIP = NO;
				DEBUG_INFORMATION_FORMAT = dwarf;
				ENABLE_STRICT_OBJC_MSGSEND = YES;
				ENABLE_TESTABILITY = YES;
				GCC_C_LANGUAGE_STANDARD = gnu11;
				GCC_DYNAMIC_NO_PIC = NO;
				GCC_NO_COMMON_BLOCKS = YES;
				GCC_OPTIMIZATION_LEVEL = 0;
				GCC_PREPROCESSOR_DEFINITIONS = (
					"DEBUG=1",
					"$(inherited)",
				);
				GCC_WARN_64_TO_32_BIT_CONVERSION = YES;
				GCC_WARN_ABOUT_RETURN_TYPE = YES_ERROR;
				GCC_WARN_UNDECLARED_SELECTOR = YES;
				GCC_WARN_UNINITIALIZED_AUTOS = YES_AGGRESSIVE;
				GCC_WARN_UNUSED_FUNCTION = YES;
				GCC_WARN_UNUSED_VARIABLE = YES;
				IPHONEOS_DEPLOYMENT_TARGET = 15.0;
				MTL_ENABLE_DEBUG_INFO = INCLUDE_SOURCE;
				MTL_FAST_MATH = YES;
				ONLY_ACTIVE_ARCH = YES;
				SDKROOT = iphoneos;
				SWIFT_ACTIVE_COMPILATION_CONDITIONS = DEBUG;
				SWIFT_OPTIMIZATION_LEVEL = "-Onone";
			};
			name = Debug;
		};
		34338FFA26FE7A2F00695558 /* Release */ = {
			isa = XCBuildConfiguration;
			buildSettings = {
				ALWAYS_SEARCH_USER_PATHS = NO;
				CLANG_ANALYZER_NONNULL = YES;
				CLANG_ANALYZER_NUMBER_OBJECT_CONVERSION = YES_AGGRESSIVE;
				CLANG_CXX_LANGUAGE_STANDARD = "gnu++17";
				CLANG_CXX_LIBRARY = "libc++";
				CLANG_ENABLE_MODULES = YES;
				CLANG_ENABLE_OBJC_ARC = YES;
				CLANG_ENABLE_OBJC_WEAK = YES;
				CLANG_WARN_BLOCK_CAPTURE_AUTORELEASING = YES;
				CLANG_WARN_BOOL_CONVERSION = YES;
				CLANG_WARN_COMMA = YES;
				CLANG_WARN_CONSTANT_CONVERSION = YES;
				CLANG_WARN_DEPRECATED_OBJC_IMPLEMENTATIONS = YES;
				CLANG_WARN_DIRECT_OBJC_ISA_USAGE = YES_ERROR;
				CLANG_WARN_DOCUMENTATION_COMMENTS = YES;
				CLANG_WARN_EMPTY_BODY = YES;
				CLANG_WARN_ENUM_CONVERSION = YES;
				CLANG_WARN_INFINITE_RECURSION = YES;
				CLANG_WARN_INT_CONVERSION = YES;
				CLANG_WARN_NON_LITERAL_NULL_CONVERSION = YES;
				CLANG_WARN_OBJC_IMPLICIT_RETAIN_SELF = YES;
				CLANG_WARN_OBJC_LITERAL_CONVERSION = YES;
				CLANG_WARN_OBJC_ROOT_CLASS = YES_ERROR;
				CLANG_WARN_QUOTED_INCLUDE_IN_FRAMEWORK_HEADER = YES;
				CLANG_WARN_RANGE_LOOP_ANALYSIS = YES;
				CLANG_WARN_STRICT_PROTOTYPES = YES;
				CLANG_WARN_SUSPICIOUS_MOVE = YES;
				CLANG_WARN_UNGUARDED_AVAILABILITY = YES_AGGRESSIVE;
				CLANG_WARN_UNREACHABLE_CODE = YES;
				CLANG_WARN__DUPLICATE_METHOD_MATCH = YES;
				COPY_PHASE_STRIP = NO;
				DEBUG_INFORMATION_FORMAT = "dwarf-with-dsym";
				ENABLE_NS_ASSERTIONS = NO;
				ENABLE_STRICT_OBJC_MSGSEND = YES;
				GCC_C_LANGUAGE_STANDARD = gnu11;
				GCC_NO_COMMON_BLOCKS = YES;
				GCC_WARN_64_TO_32_BIT_CONVERSION = YES;
				GCC_WARN_ABOUT_RETURN_TYPE = YES_ERROR;
				GCC_WARN_UNDECLARED_SELECTOR = YES;
				GCC_WARN_UNINITIALIZED_AUTOS = YES_AGGRESSIVE;
				GCC_WARN_UNUSED_FUNCTION = YES;
				GCC_WARN_UNUSED_VARIABLE = YES;
				IPHONEOS_DEPLOYMENT_TARGET = 15.0;
				MTL_ENABLE_DEBUG_INFO = NO;
				MTL_FAST_MATH = YES;
				SDKROOT = iphoneos;
				SWIFT_COMPILATION_MODE = wholemodule;
				SWIFT_OPTIMIZATION_LEVEL = "-O";
				VALIDATE_PRODUCT = YES;
			};
			name = Release;
		};
		34338FFC26FE7A2F00695558 /* Debug */ = {
			isa = XCBuildConfiguration;
			buildSettings = {
				ASSETCATALOG_COMPILER_APPICON_NAME = AppIcon;
				ASSETCATALOG_COMPILER_GLOBAL_ACCENT_COLOR_NAME = AccentColor;
				CODE_SIGN_STYLE = Automatic;
				CURRENT_PROJECT_VERSION = 1;
				DEVELOPMENT_ASSET_PATHS = "\"ContactosCoreDataSUI/Preview Content\"";
				DEVELOPMENT_TEAM = GRPJUHAC73;
				ENABLE_PREVIEWS = YES;
				GENERATE_INFOPLIST_FILE = YES;
				INFOPLIST_KEY_UIApplicationSceneManifest_Generation = YES;
				INFOPLIST_KEY_UIApplicationSupportsIndirectInputEvents = YES;
				INFOPLIST_KEY_UILaunchScreen_Generation = YES;
				INFOPLIST_KEY_UISupportedInterfaceOrientations_iPad = "UIInterfaceOrientationPortrait UIInterfaceOrientationPortraitUpsideDown UIInterfaceOrientationLandscapeLeft UIInterfaceOrientationLandscapeRight";
				INFOPLIST_KEY_UISupportedInterfaceOrientations_iPhone = "UIInterfaceOrientationPortrait UIInterfaceOrientationLandscapeLeft UIInterfaceOrientationLandscapeRight";
				IPHONEOS_DEPLOYMENT_TARGET = 14.0;
				LD_RUNPATH_SEARCH_PATHS = (
					"$(inherited)",
					"@executable_path/Frameworks",
				);
				MARKETING_VERSION = 1.0;
				PRODUCT_BUNDLE_IDENTIFIER = com.ChiokCourse.cd.ContactosCoreDataSUI;
				PRODUCT_NAME = "$(TARGET_NAME)";
				SWIFT_EMIT_LOC_STRINGS = YES;
				SWIFT_VERSION = 5.0;
				TARGETED_DEVICE_FAMILY = "1,2";
			};
			name = Debug;
		};
		34338FFD26FE7A2F00695558 /* Release */ = {
			isa = XCBuildConfiguration;
			buildSettings = {
				ASSETCATALOG_COMPILER_APPICON_NAME = AppIcon;
				ASSETCATALOG_COMPILER_GLOBAL_ACCENT_COLOR_NAME = AccentColor;
				CODE_SIGN_STYLE = Automatic;
				CURRENT_PROJECT_VERSION = 1;
				DEVELOPMENT_ASSET_PATHS = "\"ContactosCoreDataSUI/Preview Content\"";
				DEVELOPMENT_TEAM = GRPJUHAC73;
				ENABLE_PREVIEWS = YES;
				GENERATE_INFOPLIST_FILE = YES;
				INFOPLIST_KEY_UIApplicationSceneManifest_Generation = YES;
				INFOPLIST_KEY_UIApplicationSupportsIndirectInputEvents = YES;
				INFOPLIST_KEY_UILaunchScreen_Generation = YES;
				INFOPLIST_KEY_UISupportedInterfaceOrientations_iPad = "UIInterfaceOrientationPortrait UIInterfaceOrientationPortraitUpsideDown UIInterfaceOrientationLandscapeLeft UIInterfaceOrientationLandscapeRight";
				INFOPLIST_KEY_UISupportedInterfaceOrientations_iPhone = "UIInterfaceOrientationPortrait UIInterfaceOrientationLandscapeLeft UIInterfaceOrientationLandscapeRight";
				IPHONEOS_DEPLOYMENT_TARGET = 14.0;
				LD_RUNPATH_SEARCH_PATHS = (
					"$(inherited)",
					"@executable_path/Frameworks",
				);
				MARKETING_VERSION = 1.0;
				PRODUCT_BUNDLE_IDENTIFIER = com.ChiokCourse.cd.ContactosCoreDataSUI;
				PRODUCT_NAME = "$(TARGET_NAME)";
				SWIFT_EMIT_LOC_STRINGS = YES;
				SWIFT_VERSION = 5.0;
				TARGETED_DEVICE_FAMILY = "1,2";
			};
			name = Release;
		};
/* End XCBuildConfiguration section */

/* Begin XCConfigurationList section */
		34338FE326FE7A2D00695558 /* Build configuration list for PBXProject "ContactosCoreDataSUI" */ = {
			isa = XCConfigurationList;
			buildConfigurations = (
				34338FF926FE7A2F00695558 /* Debug */,
				34338FFA26FE7A2F00695558 /* Release */,
			);
			defaultConfigurationIsVisible = 0;
			defaultConfigurationName = Release;
		};
		34338FFB26FE7A2F00695558 /* Build configuration list for PBXNativeTarget "ContactosCoreDataSUI" */ = {
			isa = XCConfigurationList;
			buildConfigurations = (
				34338FFC26FE7A2F00695558 /* Debug */,
				34338FFD26FE7A2F00695558 /* Release */,
			);
			defaultConfigurationIsVisible = 0;
			defaultConfigurationName = Release;
		};
/* End XCConfigurationList section */

/* Begin XCVersionGroup section */
		34338FF626FE7A2F00695558 /* ContactosCoreDataSUI.xcdatamodeld */ = {
			isa = XCVersionGroup;
			children = (
				34338FF726FE7A2F00695558 /* ContactosCoreDataSUI.xcdatamodel */,
			);
			currentVersion = 34338FF726FE7A2F00695558 /* ContactosCoreDataSUI.xcdatamodel */;
			path = ContactosCoreDataSUI.xcdatamodeld;
			sourceTree = "<group>";
			versionGroupType = wrapper.xcdatamodel;
		};
/* End XCVersionGroup section */
	};
	rootObject = 34338FE026FE7A2D00695558 /* Project object */;
}
